{
  "name": "signpost-reference-providers",
  "version": "0.1.0",
  "lockfileVersion": 3,
  "requires": true,
  "packages": {
    "": {
      "name": "signpost-reference-providers",
      "version": "0.1.0",
      "devDependencies": {
        "@zioladev/execution-control": "0.1.0"
      }
    },
    "node_modules/@zioladev/execution-control": {
      "version": "0.1.0",
      "resolved": "https://registry.npmjs.org/@zioladev/execution-control/-/execution-control-0.1.0.tgz",
      "integrity": "sha512-qoj2UHvWTvktj9FqFLlv3AUrZIITy8WuGE7F9crjrEYytIUB1iHu9o9k1jgP3zxPtdo5D6MOIK9Z51NWvqxzVg==",
      "dev": true,
      "license": "Apache-2.0",
      "engines": {
        "node": ">=22.6"
      }
    }
  }
}
